
Microsoft Visual Studio Solution File, Format Version 12.00
# Visual Studio Version 17
VisualStudioVersion = 17.1.32228.430
MinimumVisualStudioVersion = 10.0.40219.1
Project("{9A19103F-16F7-4668-BE54-9A1E7A4F7556}") = "KTF.WebApp", "KTF.WebApp\KTF.WebApp.csproj", "{E3C0BA0B-A6D1-4F66-858F-916A78D3B2E1}"
EndProject
Project("{2150E333-8FDC-42A3-9474-1A3956D46DE8}") = "DevExtreme NuGet.config", "DevExtreme NuGet.config", "{1B0D8F43-AB7C-484C-992A-39A53B73057E}"
	ProjectSection(SolutionItems) = preProject
		NuGet.config = NuGet.config
	EndProjectSection
EndProject
Project("{2150E333-8FDC-42A3-9474-1A3956D46DE8}") = "Solution Items", "Solution Items", "{41A87A1F-BF9E-4A7C-8D57-AA579C85090F}"
	ProjectSection(SolutionItems) = preProject
		note.txt = note.txt
	EndProjectSection
EndProject
Project("{2150E333-8FDC-42A3-9474-1A3956D46DE8}") = "Features", "Features", "{FEABFD3A-9000-4E71-BF96-4521F276949D}"
EndProject
Project("{9A19103F-16F7-4668-BE54-9A1E7A4F7556}") = "KTF.Repository", "KTF.Repository\KTF.Repository.csproj", "{18A1D607-BD87-4B05-82B4-5C000C45D159}"
EndProject
Project("{9A19103F-16F7-4668-BE54-9A1E7A4F7556}") = "KTF.Service", "KTF.Service\KTF.Service.csproj", "{D5CBA085-0961-447E-9EDB-8F3623FDDECC}"
EndProject
Project("{9A19103F-16F7-4668-BE54-9A1E7A4F7556}") = "KTF.Shared", "KTF.Shared\KTF.Shared.csproj", "{478CE173-4B07-437C-86CF-7E08111288A0}"
EndProject
Project("{9A19103F-16F7-4668-BE54-9A1E7A4F7556}") = "KTF.Features.Scale", "KTF.Features.Scale\KTF.Features.Scale.csproj", "{03627E3F-28C5-4DD0-9641-C1B793FF874F}"
EndProject
Project("{9A19103F-16F7-4668-BE54-9A1E7A4F7556}") = "KTF.Features.Stapler", "KTF.Features.Stapler\KTF.Features.Stapler.csproj", "{3B9C3C54-1E54-4556-9C23-65E0E165D498}"
EndProject
Project("{2150E333-8FDC-42A3-9474-1A3956D46DE8}") = "Test", "Test", "{5661AF98-E25D-4ACC-B07B-F0764A362790}"
EndProject
Global
	GlobalSection(SolutionConfigurationPlatforms) = preSolution
		Debug|Any CPU = Debug|Any CPU
		Release|Any CPU = Release|Any CPU
	EndGlobalSection
	GlobalSection(ProjectConfigurationPlatforms) = postSolution
		{E3C0BA0B-A6D1-4F66-858F-916A78D3B2E1}.Debug|Any CPU.ActiveCfg = Debug|Any CPU
		{E3C0BA0B-A6D1-4F66-858F-916A78D3B2E1}.Debug|Any CPU.Build.0 = Debug|Any CPU
		{E3C0BA0B-A6D1-4F66-858F-916A78D3B2E1}.Release|Any CPU.ActiveCfg = Release|Any CPU
		{E3C0BA0B-A6D1-4F66-858F-916A78D3B2E1}.Release|Any CPU.Build.0 = Release|Any CPU
		{18A1D607-BD87-4B05-82B4-5C000C45D159}.Debug|Any CPU.ActiveCfg = Debug|Any CPU
		{18A1D607-BD87-4B05-82B4-5C000C45D159}.Debug|Any CPU.Build.0 = Debug|Any CPU
		{18A1D607-BD87-4B05-82B4-5C000C45D159}.Release|Any CPU.ActiveCfg = Release|Any CPU
		{18A1D607-BD87-4B05-82B4-5C000C45D159}.Release|Any CPU.Build.0 = Release|Any CPU
		{D5CBA085-0961-447E-9EDB-8F3623FDDECC}.Debug|Any CPU.ActiveCfg = Debug|Any CPU
		{D5CBA085-0961-447E-9EDB-8F3623FDDECC}.Debug|Any CPU.Build.0 = Debug|Any CPU
		{D5CBA085-0961-447E-9EDB-8F3623FDDECC}.Release|Any CPU.ActiveCfg = Release|Any CPU
		{D5CBA085-0961-447E-9EDB-8F3623FDDECC}.Release|Any CPU.Build.0 = Release|Any CPU
		{478CE173-4B07-437C-86CF-7E08111288A0}.Debug|Any CPU.ActiveCfg = Debug|Any CPU
		{478CE173-4B07-437C-86CF-7E08111288A0}.Debug|Any CPU.Build.0 = Debug|Any CPU
		{478CE173-4B07-437C-86CF-7E08111288A0}.Release|Any CPU.ActiveCfg = Release|Any CPU
		{478CE173-4B07-437C-86CF-7E08111288A0}.Release|Any CPU.Build.0 = Release|Any CPU
		{03627E3F-28C5-4DD0-9641-C1B793FF874F}.Debug|Any CPU.ActiveCfg = Debug|Any CPU
		{03627E3F-28C5-4DD0-9641-C1B793FF874F}.Debug|Any CPU.Build.0 = Debug|Any CPU
		{03627E3F-28C5-4DD0-9641-C1B793FF874F}.Release|Any CPU.ActiveCfg = Release|Any CPU
		{03627E3F-28C5-4DD0-9641-C1B793FF874F}.Release|Any CPU.Build.0 = Release|Any CPU
		{3B9C3C54-1E54-4556-9C23-65E0E165D498}.Debug|Any CPU.ActiveCfg = Debug|Any CPU
		{3B9C3C54-1E54-4556-9C23-65E0E165D498}.Debug|Any CPU.Build.0 = Debug|Any CPU
		{3B9C3C54-1E54-4556-9C23-65E0E165D498}.Release|Any CPU.ActiveCfg = Release|Any CPU
		{3B9C3C54-1E54-4556-9C23-65E0E165D498}.Release|Any CPU.Build.0 = Release|Any CPU
	EndGlobalSection
	GlobalSection(SolutionProperties) = preSolution
		HideSolutionNode = FALSE
	EndGlobalSection
	GlobalSection(NestedProjects) = preSolution
		{03627E3F-28C5-4DD0-9641-C1B793FF874F} = {FEABFD3A-9000-4E71-BF96-4521F276949D}
		{3B9C3C54-1E54-4556-9C23-65E0E165D498} = {FEABFD3A-9000-4E71-BF96-4521F276949D}
	EndGlobalSection
	GlobalSection(ExtensibilityGlobals) = postSolution
		SolutionGuid = {8AAFCFBB-2450-4520-8571-4C4763C2F4B7}
	EndGlobalSection
EndGlobal
